
Microsoft Visual Studio Solution File, Format Version 12.00
# Visual Studio 15
VisualStudioVersion = 15.0.27428.2015
MinimumVisualStudioVersion = 10.0.40219.1
Project("{FAE04EC0-301F-11D3-BF4B-00C04F79EFBC}") = "Extension_Methodes", "Extension_Methodes\Extension_Methodes.csproj", "{FEB4632D-B41B-4301-8DCC-C1F0413A5930}"
EndProject
Global
	GlobalSection(SolutionConfigurationPlatforms) = preSolution
		Debug|Any CPU = Debug|Any CPU
		Release|Any CPU = Release|Any CPU
	EndGlobalSection
	GlobalSection(ProjectConfigurationPlatforms) = postSolution
		{FEB4632D-B41B-4301-8DCC-C1F0413A5930}.Debug|Any CPU.ActiveCfg = Debug|Any CPU
		{FEB4632D-B41B-4301-8DCC-C1F0413A5930}.Debug|Any CPU.Build.0 = Debug|Any CPU
		{FEB4632D-B41B-4301-8DCC-C1F0413A5930}.Release|Any CPU.ActiveCfg = Release|Any CPU
		{FEB4632D-B41B-4301-8DCC-C1F0413A5930}.Release|Any CPU.Build.0 = Release|Any CPU
	EndGlobalSection
	GlobalSection(SolutionProperties) = preSolution
		HideSolutionNode = FALSE
	EndGlobalSection
	GlobalSection(ExtensibilityGlobals) = postSolution
		SolutionGuid = {5D78AF37-D45E-410B-94D0-94F5480A6B23}
	EndGlobalSection
EndGlobal
